{
  "version": 4,
  "terraform_version": "1.0.11",
  "serial": 107,
  "lineage": "acfc7f02-0b42-3784-4f79-ebbc9c66e57e",
  "outputs": {
    "instance_id": {
      "value": [
        "i-05b21d51f49f53ec8"
      ],
      "type": [
        "tuple",
        [
          "string"
        ]
      ]
    },
    "instance_public_ip": {
      "value": [
        "18.117.179.206"
      ],
      "type": [
        "tuple",
        [
          "string"
        ]
      ]
    }
  },
  "resources": [
    {
      "mode": "data",
      "type": "template_file",
      "name": "user_data",
      "provider": "provider[\"registry.terraform.io/hashicorp/template\"]",
      "instances": [
        {
          "schema_version": 0,
          "attributes": {
            "filename": null,
            "id": "b5a36cd7fe4fec560f5a4ab36918e630d84d23a851bf7c3b6fe0fbfa70674916",
            "rendered": "#cloud-config\r\n# Add groups to the system\r\n# Adds the ubuntu group with members 'root' and 'sys'\r\n# and the empty group hashicorp.\r\ngroups:\r\n  - ubuntu: [root,sys]\r\n  - hashicorp\r\n\r\n# Add users to the system. Users are added after groups are added.\r\nusers:\r\n  - default\r\n  - name: deploy\r\n    gecos: terraform\r\n    shell: /bin/bash\r\n    primary_group: hashicorp\r\n    sudo: ALL=(ALL) NOPASSWD:ALL\r\n    groups: users, admin\r\n    lock_passwd: false\r\n    ssh_authorized_keys:\r\n#      - data/ssh/id_rsa.pub\r\n      - ssh-rsa AAAAB3NzaC1yc2EAAAADAQABAAABgQDGtgl+WvlmKU5K+VWve99fBd3zZew0dS8oT9JKgiBIBoZFjS7lWk7oynbCvxIgdXT9iGvhhMXZf6Vmgpmh/ZNnIxjB1S+Q7ooX4Vxmu7+mGd5ok9M4N7zelS/vhCQKu4Wx4zeWlFx2FvdNt2OyvOmoydfxNgynG5M6kxpqRE/AIuky96PzSTARpS6i79qgyyZbLuhUtGLK1C+KDSMCufVWbpyLhqj7YFRuueBHtj83oBZeUBtwa4opo/RxlJ+iULEKSYb31L5zBdK8Ss/YVp3WyYtde10yK7hzCjlhMF7u8VApn8iuEWf8MUhDYqilzpAL6QkwzPNGmMDbwDvSBPtNlDckpTbVbulqc81ppVNduoRrVlTqpK9gwrGs2fG5316cO29+4Y2hg8Gs31vbY/K7mLeFPzj+JvrsD0NjXCDTVlWDBvtsIh39WlTFciINf+fByRwBQzG4p0+1g3HnffFOQSfyo7mRE55hnupwY0bpOTDgz7MXRokWvZE0B0/1i8c= ebban@LAPTOP-GK1RV5M4\r\n\r\n# Downloads the python package\r\npackages:\r\n  - python3\r\n\r\n\r\nruncmd:\r\n  -  sudo ln -s /usr/bin/python3 /usr/bin/python",
            "template": "#cloud-config\r\n# Add groups to the system\r\n# Adds the ubuntu group with members 'root' and 'sys'\r\n# and the empty group hashicorp.\r\ngroups:\r\n  - ubuntu: [root,sys]\r\n  - hashicorp\r\n\r\n# Add users to the system. Users are added after groups are added.\r\nusers:\r\n  - default\r\n  - name: deploy\r\n    gecos: terraform\r\n    shell: /bin/bash\r\n    primary_group: hashicorp\r\n    sudo: ALL=(ALL) NOPASSWD:ALL\r\n    groups: users, admin\r\n    lock_passwd: false\r\n    ssh_authorized_keys:\r\n#      - data/ssh/id_rsa.pub\r\n      - ssh-rsa AAAAB3NzaC1yc2EAAAADAQABAAABgQDGtgl+WvlmKU5K+VWve99fBd3zZew0dS8oT9JKgiBIBoZFjS7lWk7oynbCvxIgdXT9iGvhhMXZf6Vmgpmh/ZNnIxjB1S+Q7ooX4Vxmu7+mGd5ok9M4N7zelS/vhCQKu4Wx4zeWlFx2FvdNt2OyvOmoydfxNgynG5M6kxpqRE/AIuky96PzSTARpS6i79qgyyZbLuhUtGLK1C+KDSMCufVWbpyLhqj7YFRuueBHtj83oBZeUBtwa4opo/RxlJ+iULEKSYb31L5zBdK8Ss/YVp3WyYtde10yK7hzCjlhMF7u8VApn8iuEWf8MUhDYqilzpAL6QkwzPNGmMDbwDvSBPtNlDckpTbVbulqc81ppVNduoRrVlTqpK9gwrGs2fG5316cO29+4Y2hg8Gs31vbY/K7mLeFPzj+JvrsD0NjXCDTVlWDBvtsIh39WlTFciINf+fByRwBQzG4p0+1g3HnffFOQSfyo7mRE55hnupwY0bpOTDgz7MXRokWvZE0B0/1i8c= ebban@LAPTOP-GK1RV5M4\r\n\r\n# Downloads the python package\r\npackages:\r\n  - python3\r\n\r\n\r\nruncmd:\r\n  -  sudo ln -s /usr/bin/python3 /usr/bin/python",
            "vars": null
          },
          "sensitive_attributes": []
        }
      ]
    },
    {
      "mode": "managed",
      "type": "aws_instance",
      "name": "app_server",
      "provider": "provider[\"registry.terraform.io/hashicorp/aws\"]",
      "instances": [
        {
          "index_key": 0,
          "schema_version": 1,
          "attributes": {
            "ami": "ami-0d97ef13c06b05a19",
            "arn": "arn:aws:ec2:us-east-2:909408495248:instance/i-05b21d51f49f53ec8",
            "associate_public_ip_address": true,
            "availability_zone": "us-east-2b",
            "capacity_reservation_specification": [
              {
                "capacity_reservation_preference": "open",
                "capacity_reservation_target": []
              }
            ],
            "cpu_core_count": 1,
            "cpu_threads_per_core": 1,
            "credit_specification": [
              {
                "cpu_credits": "standard"
              }
            ],
            "disable_api_termination": false,
            "ebs_block_device": [],
            "ebs_optimized": false,
            "enclave_options": [
              {
                "enabled": false
              }
            ],
            "ephemeral_block_device": [],
            "get_password_data": false,
            "hibernation": false,
            "host_id": null,
            "iam_instance_profile": "",
            "id": "i-05b21d51f49f53ec8",
            "instance_initiated_shutdown_behavior": "stop",
            "instance_state": "running",
            "instance_type": "t2.micro",
            "ipv6_address_count": 0,
            "ipv6_addresses": [],
            "key_name": "ssh_MARTISCHANG",
            "launch_template": [],
            "metadata_options": [
              {
                "http_endpoint": "enabled",
                "http_put_response_hop_limit": 1,
                "http_tokens": "optional"
              }
            ],
            "monitoring": false,
            "network_interface": [],
            "outpost_arn": "",
            "password_data": "",
            "placement_group": "",
            "placement_partition_number": null,
            "primary_network_interface_id": "eni-040bff428f993d923",
            "private_dns": "ip-172-31-16-214.us-east-2.compute.internal",
            "private_ip": "172.31.16.214",
            "public_dns": "ec2-18-117-179-206.us-east-2.compute.amazonaws.com",
            "public_ip": "18.117.179.206",
            "root_block_device": [
              {
                "delete_on_termination": true,
                "device_name": "/dev/sda1",
                "encrypted": false,
                "iops": 100,
                "kms_key_id": "",
                "tags": {},
                "throughput": 0,
                "volume_id": "vol-078510280a21d6ea2",
                "volume_size": 10,
                "volume_type": "gp2"
              }
            ],
            "secondary_private_ips": [],
            "security_groups": [
              "allow_ssh_MARTISCHANG"
            ],
            "source_dest_check": true,
            "subnet_id": "subnet-550bc128",
            "tags": {
              "Groups": "app",
              "Name": "MARTISCHANG_app_0",
              "Owner": "MARTISCHANG-Paul"
            },
            "tags_all": {
              "Groups": "app",
              "Name": "MARTISCHANG_app_0",
              "Owner": "MARTISCHANG-Paul"
            },
            "tenancy": "default",
            "timeouts": null,
            "user_data": "a18054c1dab165729a9322dc5f8d82526ae7275f",
            "user_data_base64": null,
            "volume_tags": null,
            "vpc_security_group_ids": [
              "sg-06535365500338790"
            ]
          },
          "sensitive_attributes": [],
          "private": "eyJlMmJmYjczMC1lY2FhLTExZTYtOGY4OC0zNDM2M2JjN2M0YzAiOnsiY3JlYXRlIjo2MDAwMDAwMDAwMDAsImRlbGV0ZSI6MTIwMDAwMDAwMDAwMCwidXBkYXRlIjo2MDAwMDAwMDAwMDB9LCJzY2hlbWFfdmVyc2lvbiI6IjEifQ==",
          "dependencies": [
            "aws_security_group.allow_ssh",
            "data.template_file.user_data"
          ]
        }
      ]
    },
    {
      "mode": "managed",
      "type": "aws_key_pair",
      "name": "deployer",
      "provider": "provider[\"registry.terraform.io/hashicorp/aws\"]",
      "instances": [
        {
          "schema_version": 1,
          "attributes": {
            "arn": "arn:aws:ec2:us-east-2:909408495248:key-pair/ssh_MARTISCHANG",
            "fingerprint": "96:5e:25:7f:1a:69:1b:31:ef:11:f3:9d:7f:9d:15:ee",
            "id": "ssh_MARTISCHANG",
            "key_name": "ssh_MARTISCHANG",
            "key_name_prefix": "",
            "key_pair_id": "key-096ecff6f5c40de6f",
            "public_key": "ssh-rsa AAAAB3NzaC1yc2EAAAADAQABAAABgQDGtgl+WvlmKU5K+VWve99fBd3zZew0dS8oT9JKgiBIBoZFjS7lWk7oynbCvxIgdXT9iGvhhMXZf6Vmgpmh/ZNnIxjB1S+Q7ooX4Vxmu7+mGd5ok9M4N7zelS/vhCQKu4Wx4zeWlFx2FvdNt2OyvOmoydfxNgynG5M6kxpqRE/AIuky96PzSTARpS6i79qgyyZbLuhUtGLK1C+KDSMCufVWbpyLhqj7YFRuueBHtj83oBZeUBtwa4opo/RxlJ+iULEKSYb31L5zBdK8Ss/YVp3WyYtde10yK7hzCjlhMF7u8VApn8iuEWf8MUhDYqilzpAL6QkwzPNGmMDbwDvSBPtNlDckpTbVbulqc81ppVNduoRrVlTqpK9gwrGs2fG5316cO29+4Y2hg8Gs31vbY/K7mLeFPzj+JvrsD0NjXCDTVlWDBvtsIh39WlTFciINf+fByRwBQzG4p0+1g3HnffFOQSfyo7mRE55hnupwY0bpOTDgz7MXRokWvZE0B0/1i8c= ebban@LAPTOP-GK1RV5M4",
            "tags": null,
            "tags_all": {}
          },
          "sensitive_attributes": [],
          "private": "eyJzY2hlbWFfdmVyc2lvbiI6IjEifQ=="
        }
      ]
    },
    {
      "mode": "managed",
      "type": "aws_security_group",
      "name": "allow_ssh",
      "provider": "provider[\"registry.terraform.io/hashicorp/aws\"]",
      "instances": [
        {
          "schema_version": 1,
          "attributes": {
            "arn": "arn:aws:ec2:us-east-2:909408495248:security-group/sg-06535365500338790",
            "description": "Allow TLS inbound traffic",
            "egress": [
              {
                "cidr_blocks": [
                  "0.0.0.0/0"
                ],
                "description": "",
                "from_port": 0,
                "ipv6_cidr_blocks": [
                  "::/0"
                ],
                "prefix_list_ids": [],
                "protocol": "-1",
                "security_groups": [],
                "self": false,
                "to_port": 0
              }
            ],
            "id": "sg-06535365500338790",
            "ingress": [
              {
                "cidr_blocks": [
                  "0.0.0.0/0"
                ],
                "description": "TLS from VPC",
                "from_port": 22,
                "ipv6_cidr_blocks": [
                  "::/0"
                ],
                "prefix_list_ids": [],
                "protocol": "tcp",
                "security_groups": [],
                "self": false,
                "to_port": 22
              },
              {
                "cidr_blocks": [
                  "0.0.0.0/0"
                ],
                "description": "Web from VPC",
                "from_port": 8080,
                "ipv6_cidr_blocks": [
                  "::/0"
                ],
                "prefix_list_ids": [],
                "protocol": "tcp",
                "security_groups": [],
                "self": false,
                "to_port": 8080
              }
            ],
            "name": "allow_ssh_MARTISCHANG",
            "name_prefix": "",
            "owner_id": "909408495248",
            "revoke_rules_on_delete": false,
            "tags": {
              "Name": "allow_tls"
            },
            "tags_all": {
              "Name": "allow_tls"
            },
            "timeouts": null,
            "vpc_id": "vpc-a00c78cb"
          },
          "sensitive_attributes": [],
          "private": "eyJlMmJmYjczMC1lY2FhLTExZTYtOGY4OC0zNDM2M2JjN2M0YzAiOnsiY3JlYXRlIjo2MDAwMDAwMDAwMDAsImRlbGV0ZSI6OTAwMDAwMDAwMDAwfSwic2NoZW1hX3ZlcnNpb24iOiIxIn0="
        }
      ]
    }
  ]
}
